
Microsoft Visual Studio Solution File, Format Version 12.00
# Visual Studio Version 17
VisualStudioVersion = 17.8.34330.188
MinimumVisualStudioVersion = 10.0.40219.1
Project("{FAE04EC0-301F-11D3-BF4B-00C04F79EFBC}") = "CSharpUtilities", "CSharpUtilities.csproj", "{ED341C13-36F6-48D4-8281-93B753C68590}"
EndProject
Global
	GlobalSection(SolutionConfigurationPlatforms) = preSolution
		Debug|Any CPU = Debug|Any CPU
		Release|Any CPU = Release|Any CPU
	EndGlobalSection
	GlobalSection(ProjectConfigurationPlatforms) = postSolution
		{ED341C13-36F6-48D4-8281-93B753C68590}.Debug|Any CPU.ActiveCfg = Debug|Any CPU
		{ED341C13-36F6-48D4-8281-93B753C68590}.Debug|Any CPU.Build.0 = Debug|Any CPU
		{ED341C13-36F6-48D4-8281-93B753C68590}.Release|Any CPU.ActiveCfg = Release|Any CPU
		{ED341C13-36F6-48D4-8281-93B753C68590}.Release|Any CPU.Build.0 = Release|Any CPU
	EndGlobalSection
	GlobalSection(SolutionProperties) = preSolution
		HideSolutionNode = FALSE
	EndGlobalSection
	GlobalSection(ExtensibilityGlobals) = postSolution
		SolutionGuid = {7E7D7A01-757E-4093-8EC4-3920E328332D}
	EndGlobalSection
EndGlobal
